{
  "lockfileVersion": 2,
  "configVersion": 1,
  "workspaces": {
    "": {
      "name": "gotovim-na-ort",
      "dependencies": {
        "react": "^19.2.8",
        "react-dom": "^19.2.8",
      },
      "devDependencies": {
        "@types/node": "^24.13.3",
        "@types/react": "^19.2.18",
        "@types/react-dom": "^19.2.4",
        "@vitejs/plugin-react": "^6.1.0",
        "jimp": "^1.6.1",
        "oxlint": "^1.79.0",
        "sass-embedded": "^1.104.0",
        "typescript": "~6.0.2",
        "vite": "^8.2.2",
      },
    },
  },
  "packages": {
    "@borewit/text-codec": ["@borewit/text-codec@0.2.2", "", {}, "sha512-DDaRehssg1aNrH4+2hnj1B7vnUGEjU6OIlyRdkMd0aUdIUvKXrJfXsy8LVtXAy7DRvYVluWbMspsRhz2lcW0mQ=="],

    "@bufbuild/protobuf": ["@bufbuild/protobuf@2.14.1", "", {}, "sha512-agRJn3+EJDUe8AvxTx/LnHA/GErvLE62pSaSk7+MwFOtOv8eWBu/qCq2qoZjBjVZ3C2aiFJCveuSs17KMkYGOw=="],

    "@jimp/core": ["@jimp/core@1.6.1", "", { "dependencies": { "@jimp/file-ops": "1.6.1", "@jimp/types": "1.6.1", "@jimp/utils": "1.6.1", "await-to-js": "^3.0.0", "exif-parser": "^0.1.12", "file-type": "^21.3.3", "mime": "3" } }, "sha512-+BoKC5G6hkrSy501zcJ2EpfnllP+avPevcBfRcZe/CW+EwEfY6X1EZ8QWyT7NpDIvEEJb1fdJnMMfUnFkxmw9A=="],

    "@jimp/diff": ["@jimp/diff@1.6.1", "", { "dependencies": { "@jimp/plugin-resize": "1.6.1", "@jimp/types": "1.6.1", "@jimp/utils": "1.6.1", "pixelmatch": "^5.3.0" } }, "sha512-YkKDPdHjLgo1Api3+Bhc0GLAygldlpt97NfOKoNg1U6IUNXA6X2MgosCjPfSBiSvJvrrz1fsIR+/4cfYXBI/HQ=="],

    "@jimp/file-ops": ["@jimp/file-ops@1.6.1", "", {}, "sha512-T+gX6osHjprbDRad0/B71Evyre7ZdVY1z/gFGEG9Z8KOtZPKboWvPeP2UjbZYWQLy9UKCPQX1FNAnDiOPkJL7w=="],

    "@jimp/js-bmp": ["@jimp/js-bmp@1.6.1", "", { "dependencies": { "@jimp/core": "1.6.1", "@jimp/types": "1.6.1", "@jimp/utils": "1.6.1", "bmp-ts": "^1.0.9" } }, "sha512-xzWzNT4/u5zGrTT3Tme9sGU7YzIKxi13+BCQwLqACbt5DXf9SAfdzRkopZQnmDko+6In5nqaT89Gjs43/WdnYQ=="],

    "@jimp/js-gif": ["@jimp/js-gif@1.6.1", "", { "dependencies": { "@jimp/core": "1.6.1", "@jimp/types": "1.6.1", "gifwrap": "^0.10.1", "omggif": "^1.0.10" } }, "sha512-YjY2W26rQa05XhanYhRZ7dingCiNN+T2Ymb1JiigIbABY0B28wHE3v3Cf1/HZPWGu0hOg36ylaKgV5KxF2M58w=="],

    "@jimp/js-jpeg": ["@jimp/js-jpeg@1.6.1", "", { "dependencies": { "@jimp/core": "1.6.1", "@jimp/types": "1.6.1", "jpeg-js": "^0.4.4" } }, "sha512-HT9H3yOmlOFzYmdI15IYdfy6ggQhSRIaHeA+OTJSEORXBqEo97sUZu/DsgHIcX5NJ7TkJBTgZ9BZXsV6UbsyMg=="],

    "@jimp/js-png": ["@jimp/js-png@1.6.1", "", { "dependencies": { "@jimp/core": "1.6.1", "@jimp/types": "1.6.1", "pngjs": "^7.0.0" } }, "sha512-SZ/KVhI5UjcSzzlXsXdIi/LhJ7UShf2NkMOtVrbZQcGzsqNtynAelrOXeoTxcanfVqmNhAoVHg8yR2cYoqrYjA=="],

    "@jimp/js-tiff": ["@jimp/js-tiff@1.6.1", "", { "dependencies": { "@jimp/core": "1.6.1", "@jimp/types": "1.6.1", "utif2": "^4.1.0" } }, "sha512-jDG/eJquID1M4MBlKMmDRBmz2TpXMv7TUyu2nIRUxhlUc2ogC82T+VQUkca9GJH1BBJ9dx5sSE5dGkWNjIbZxw=="],

    "@jimp/plugin-blit": ["@jimp/plugin-blit@1.6.1", "", { "dependencies": { "@jimp/types": "1.6.1", "@jimp/utils": "1.6.1", "zod": "^3.23.8" } }, "sha512-MwnI7C7K81uWddY9FLw1fCOIy6SsPIUftUz36Spt7jisCn8/40DhQMlSxpxTNelnZb/2SnloFimQfRZAmHLOqQ=="],

    "@jimp/plugin-blur": ["@jimp/plugin-blur@1.6.1", "", { "dependencies": { "@jimp/core": "1.6.1", "@jimp/utils": "1.6.1" } }, "sha512-lIo7Tzp5jQu30EFFSK/phXANK3citKVEjepDjQ6ljHoIFtuMRrnybnmI2Md24ulvWlDaz+hh3n6qrMb8ydwhZQ=="],

    "@jimp/plugin-circle": ["@jimp/plugin-circle@1.6.1", "", { "dependencies": { "@jimp/types": "1.6.1", "zod": "^3.23.8" } }, "sha512-kK1PavY6cKHNNKce37vdV4Tmpc1/zDKngGoeOV3j+EMatoHFZUinV3s6F9aWryPs3A0xhCLZgdJ6Zeea1d5LCQ=="],

    "@jimp/plugin-color": ["@jimp/plugin-color@1.6.1", "", { "dependencies": { "@jimp/core": "1.6.1", "@jimp/types": "1.6.1", "@jimp/utils": "1.6.1", "tinycolor2": "^1.6.0", "zod": "^3.23.8" } }, "sha512-LtUN1vAP+LRlZAtTNVhDRSiXx+26Kbz3zJaG6a5k59gQ95jgT5mknnF8lxkHcqJthM4MEk3/tPxkdJpEybyF/A=="],

    "@jimp/plugin-contain": ["@jimp/plugin-contain@1.6.1", "", { "dependencies": { "@jimp/core": "1.6.1", "@jimp/plugin-blit": "1.6.1", "@jimp/plugin-resize": "1.6.1", "@jimp/types": "1.6.1", "@jimp/utils": "1.6.1", "zod": "^3.23.8" } }, "sha512-m0qhrfA8jkTqretGv4w+T/ADFR4GwBpE0sCOC2uJ0dzr44/ddOMsIdrpi89kabqYiPYIrxkgdCVCLm3zn1Vkkg=="],

    "@jimp/plugin-cover": ["@jimp/plugin-cover@1.6.1", "", { "dependencies": { "@jimp/core": "1.6.1", "@jimp/plugin-crop": "1.6.1", "@jimp/plugin-resize": "1.6.1", "@jimp/types": "1.6.1", "zod": "^3.23.8" } }, "sha512-hZytnsth0zoll6cPf434BrT+p/v569Wr5tyO6Dp0dH1IDPhzhB5F38sZGMLDo7bzQiN9JFVB3fxkcJ/WYCJ3Mg=="],

    "@jimp/plugin-crop": ["@jimp/plugin-crop@1.6.1", "", { "dependencies": { "@jimp/core": "1.6.1", "@jimp/types": "1.6.1", "@jimp/utils": "1.6.1", "zod": "^3.23.8" } }, "sha512-EerRSLlclXyKDnYc/H9w/1amZW7b7v3OGi/VlerPd2M/pAu5X8TkyYWtfqYCXnNp1Ixtd8oCo9zGfY9zoXT4rg=="],

    "@jimp/plugin-displace": ["@jimp/plugin-displace@1.6.1", "", { "dependencies": { "@jimp/types": "1.6.1", "@jimp/utils": "1.6.1", "zod": "^3.23.8" } }, "sha512-K07QVl7xQwIfD6KfxRV/c3E9e7ZBXxUXdWuvoTWcKHL2qV48MOF5Nqbz/aJW4ThnQARIsxvYlZjPFiqkCjlU+g=="],

    "@jimp/plugin-dither": ["@jimp/plugin-dither@1.6.1", "", { "dependencies": { "@jimp/types": "1.6.1" } }, "sha512-+2V+GCV2WycMoX1/z977TkZ8Zq/4MVSKElHYatgUqtwXMi2fDK2gKYU2g9V39IqFvTJsTIsK0+58VFz/ROBVew=="],

    "@jimp/plugin-fisheye": ["@jimp/plugin-fisheye@1.6.1", "", { "dependencies": { "@jimp/types": "1.6.1", "@jimp/utils": "1.6.1", "zod": "^3.23.8" } }, "sha512-XtS5ZyoZ0vxZxJ6gkqI63SivhtI58vX95foMPM+cyzYkRsJXMOYCr8DScxF5bp4Xr003NjYm/P+7+08tibwzHA=="],

    "@jimp/plugin-flip": ["@jimp/plugin-flip@1.6.1", "", { "dependencies": { "@jimp/types": "1.6.1", "zod": "^3.23.8" } }, "sha512-ws38W/sGj7LobNRayQ83garxiktOyWxM5vO/y4a/2cy9v65SLEUzVkrj+oeAaUSSObdz4HcCEla7XtGlnAGAaA=="],

    "@jimp/plugin-hash": ["@jimp/plugin-hash@1.6.1", "", { "dependencies": { "@jimp/core": "1.6.1", "@jimp/js-bmp": "1.6.1", "@jimp/js-jpeg": "1.6.1", "@jimp/js-png": "1.6.1", "@jimp/js-tiff": "1.6.1", "@jimp/plugin-color": "1.6.1", "@jimp/plugin-resize": "1.6.1", "@jimp/types": "1.6.1", "@jimp/utils": "1.6.1", "any-base": "^1.1.0" } }, "sha512-sZt6ZcMX6i8vFWb4GYnw0pR/o9++ef0dTVcboTB5B/g7nrxCODIB4wfEkJ/YqZM5wUvol77K1qeS0/rVO6z21A=="],

    "@jimp/plugin-mask": ["@jimp/plugin-mask@1.6.1", "", { "dependencies": { "@jimp/types": "1.6.1", "zod": "^3.23.8" } }, "sha512-SIG0/FcmEj3tkwFxc7fAGLO8o4uNzMpSOdQOhbCgxefQKq5wOVMk9BQx/sdMPBwtMLr9WLq0GzLA/rk6t2v20A=="],

    "@jimp/plugin-print": ["@jimp/plugin-print@1.6.1", "", { "dependencies": { "@jimp/core": "1.6.1", "@jimp/js-jpeg": "1.6.1", "@jimp/js-png": "1.6.1", "@jimp/plugin-blit": "1.6.1", "@jimp/types": "1.6.1", "parse-bmfont-ascii": "^1.0.6", "parse-bmfont-binary": "^1.0.6", "parse-bmfont-xml": "^1.1.6", "simple-xml-to-json": "^1.2.2", "zod": "^3.23.8" } }, "sha512-BYVz/X3Xzv8XYilVeDy11NOp0h7BTDjlOtu0BekIFHP1yHVd24AXNzbOy52XlzYZWQ0Dl36HOHEpl/nSNrzc6w=="],

    "@jimp/plugin-quantize": ["@jimp/plugin-quantize@1.6.1", "", { "dependencies": { "image-q": "^4.0.0", "zod": "^3.23.8" } }, "sha512-J2En9PLURfP+vwYDtuZ9T8yBW6BWYZBScydAjRiPBmJfEhTcNQqiiQODrZf7EqbbX/Sy5H6dAeRiqkgoV9N6Ww=="],

    "@jimp/plugin-resize": ["@jimp/plugin-resize@1.6.1", "", { "dependencies": { "@jimp/core": "1.6.1", "@jimp/types": "1.6.1", "zod": "^3.23.8" } }, "sha512-CLkrtJoIz2HdWnpYiN6p8KYcPc00rCH/SUu6o+lfZL05Q4uhecJlnvXuj9x+U6mDn3ldPmJj6aZqMHuUJzdVqg=="],

    "@jimp/plugin-rotate": ["@jimp/plugin-rotate@1.6.1", "", { "dependencies": { "@jimp/core": "1.6.1", "@jimp/plugin-crop": "1.6.1", "@jimp/plugin-resize": "1.6.1", "@jimp/types": "1.6.1", "@jimp/utils": "1.6.1", "zod": "^3.23.8" } }, "sha512-nOjVjbbj705B02ksysKnh0POAwEBXZtJ9zQ5qC+X7Tavl3JNn+P3BzQovbBxLPSbUSld6XID9z5ijin4PtOAUg=="],

    "@jimp/plugin-threshold": ["@jimp/plugin-threshold@1.6.1", "", { "dependencies": { "@jimp/core": "1.6.1", "@jimp/plugin-color": "1.6.1", "@jimp/plugin-hash": "1.6.1", "@jimp/types": "1.6.1", "@jimp/utils": "1.6.1", "zod": "^3.23.8" } }, "sha512-JOKv9F8s6tnVLf4sB/2fF0F339EFnHvgEdFYugO6VhowKLsap0pEZmLyE/DlRnYtIj2RddHZVxVMp/eKJ04l2Q=="],

    "@jimp/types": ["@jimp/types@1.6.1", "", { "dependencies": { "zod": "^3.23.8" } }, "sha512-leI7YbveTNi565m910XgIOwXyuu074H5qazAD1357HImJSv2hqxnWXpwxQbadGWZ7goZRYBDZy5lpqud0p7q5w=="],

    "@jimp/utils": ["@jimp/utils@1.6.1", "", { "dependencies": { "@jimp/types": "1.6.1", "tinycolor2": "^1.6.0" } }, "sha512-veFPRd93FCnS7AgmCkPgARVGoDRrJ9cm1ujuNyA+UfQ5VKbED2002sm5XfFLFwTsKC8j04heTrwe+tU1dluXOw=="],

    "@oxc-project/types": ["@oxc-project/types@0.149.0", "", {}, "sha512-Efcc+iF0j3Bf67YjEqIqWXbX5XddXoK/Mw4K1/JuXwRCZ8N16VR7iT23nlCc9XrveFVh/E5Rqs2StT0V8v9LdA=="],

    "@oxlint/binding-android-arm-eabi": ["@oxlint/binding-android-arm-eabi@1.82.0", "", { "os": "android", "cpu": "arm" }, "sha512-a3LB+C5Dsj5b/qtmG/mv5WrzuiXEpg1KF5nXWcEvaoN5TYAqkIvxPOwTPp3Jy/FoGpRo8zsTFhMElMXfeoOEzA=="],

    "@oxlint/binding-android-arm64": ["@oxlint/binding-android-arm64@1.82.0", "", { "os": "android", "cpu": "arm64" }, "sha512-OBlhRgNqFblGpGenno/aqOfJLOkQ2B8Ig3iDAalfn0H8hJGZKXPeexCRTDm6uwv6YUjSA9Xnwt1y/Bgj5ZH8uw=="],

    "@oxlint/binding-darwin-arm64": ["@oxlint/binding-darwin-arm64@1.82.0", "", { "os": "darwin", "cpu": "arm64" }, "sha512-dsopxqtY5ZdyT9uLHyGt1SyiLop6hi7hWI3PKpePodkRQOkLaCm+OE4fR9CAz9qdfjiFO8531tX/QDyP/psjFg=="],

    "@oxlint/binding-darwin-x64": ["@oxlint/binding-darwin-x64@1.82.0", "", { "os": "darwin", "cpu": "x64" }, "sha512-94Lu0SgTClKColU66g1VDuigV3HkcbkJBnTtZjGYfE8UPugaWDgKrm2icjC6HJVUYler2OXaHP/X0TBy8+CowQ=="],

    "@oxlint/binding-freebsd-x64": ["@oxlint/binding-freebsd-x64@1.82.0", "", { "os": "freebsd", "cpu": "x64" }, "sha512-hne/V06ewhh1i0w8+l7GDNROAGCGPmyFuOwiP7YTRu0JycyStJ4785dmF8xU5p0uUwt2emvIF9vc7Xjis+cJ0g=="],

    "@oxlint/binding-linux-arm-gnueabihf": ["@oxlint/binding-linux-arm-gnueabihf@1.82.0", "", { "os": "linux", "cpu": "arm" }, "sha512-aWY2xtbZf1LneW9Qsv/n2Sp8gOu74JrlQzEtj4coHX2SHFrCfhmAumaU+sI/A5nr+yoTRTSmI/pL2s6ADlNSkw=="],

    "@oxlint/binding-linux-arm-musleabihf": ["@oxlint/binding-linux-arm-musleabihf@1.82.0", "", { "os": "linux", "cpu": "arm" }, "sha512-Fe+TtXCXMh/5f7kWlZ2VAwsMumZWtraFlKVk1NJlL52/beGwfDE7ov+/8gVirHzWokzGu7X65hSPq0ucPDskWQ=="],

    "@oxlint/binding-linux-arm64-gnu": ["@oxlint/binding-linux-arm64-gnu@1.82.0", "", { "os": "linux", "cpu": "arm64" }, "sha512-6azCZ6OJudlvipNttXCCQcyeFfcJ/NvUZdSN1z8elo73kCHtyQC7WTiUcSjWYvJ1jaq9KDUyMAoAS/vNzhBomA=="],

    "@oxlint/binding-linux-arm64-musl": ["@oxlint/binding-linux-arm64-musl@1.82.0", "", { "os": "linux", "cpu": "arm64" }, "sha512-PLEaSD8IAIIlwW4dwOd9YaxuxeOpwiXL4J24rcnE4iNtyM5j9Q9/3+gti08oXpx0u2ygNjRDx9xjWWpQonuJEw=="],

    "@oxlint/binding-linux-ppc64-gnu": ["@oxlint/binding-linux-ppc64-gnu@1.82.0", "", { "os": "linux", "cpu": "ppc64" }, "sha512-D94em/BwknNTn4vqxjHh5wb2oL566eFhArabqKIr0cNZMHOJuiraFp1A8tXpH05bbE5tqwEfLXTI0MWEGtn3Dw=="],

    "@oxlint/binding-linux-riscv64-gnu": ["@oxlint/binding-linux-riscv64-gnu@1.82.0", "", { "os": "linux", "cpu": "none" }, "sha512-MOprxBaoYU2D4VgxXCl3ghydThWtx7Um1lL51kGYNeQ5Al7WzsH7/tqGdNtbLrIWnjq3bsm13+nz/gRIxjrOXw=="],

    "@oxlint/binding-linux-riscv64-musl": ["@oxlint/binding-linux-riscv64-musl@1.82.0", "", { "os": "linux", "cpu": "none" }, "sha512-5h55QsfJ/luDXZzC20k6SNOY1Az+dCP9WvntKtcUWh2JhckAdwApY2ZusaBTwLENnReXU+A2fJtSrYvZJNKNPg=="],

    "@oxlint/binding-linux-s390x-gnu": ["@oxlint/binding-linux-s390x-gnu@1.82.0", "", { "os": "linux", "cpu": "s390x" }, "sha512-IE8NJNLlHr0CaXyGJPGVn0eTkUyoj1I2UfA8x7I4PSOYKsQ/6btVC7Pywrj5onk0cMH25r6Z38SoN3AvE5Zuog=="],

    "@oxlint/binding-linux-x64-gnu": ["@oxlint/binding-linux-x64-gnu@1.82.0", "", { "os": "linux", "cpu": "x64" }, "sha512-XUUUxaBo9XKl+J1B9EmP1cTGQPddzeURvoGkfwh/94PGnbW+hBprDljneoI2M1jzC1bzrIV3ihc7iM9UXl8+tg=="],

    "@oxlint/binding-linux-x64-musl": ["@oxlint/binding-linux-x64-musl@1.82.0", "", { "os": "linux", "cpu": "x64" }, "sha512-SWLSFulX9TDuH6yvbPYp4+VNn6jkkIvvI+KiujDM5rWBRHEfkesCC/pCneIIUr6ovkxZ5fRtpi2v5Cz5FrMJZg=="],

    "@oxlint/binding-openharmony-arm64": ["@oxlint/binding-openharmony-arm64@1.82.0", "", { "os": "none", "cpu": "arm64" }, "sha512-BQy35f6ZUdNr9a6c7B7orxQTcLjByGT2z3WAgmRovpRwmPYAaJ+NTplmMzhdjdJ4qSchfMNZy/Ukg+qRg6zseQ=="],

    "@oxlint/binding-win32-arm64-msvc": ["@oxlint/binding-win32-arm64-msvc@1.82.0", "", { "os": "win32", "cpu": "arm64" }, "sha512-V4QhSTg5gctZue8RJjsGi7NpQPThr/p1/HfmiMC5kfe1KFEup9SQRVub4A6kijQjdHfxj7bLL1KO3QO7/5bwMQ=="],

    "@oxlint/binding-win32-ia32-msvc": ["@oxlint/binding-win32-ia32-msvc@1.82.0", "", { "os": "win32", "cpu": "ia32" }, "sha512-TUSCLaKB2yktpFAJ/r3HAUYsaV/3DT7JS4iNKyoh3a9YNwD0UG7Ezh4D8m23654vQcU6P/RQrCAjRPKe4peP/A=="],

    "@oxlint/binding-win32-x64-msvc": ["@oxlint/binding-win32-x64-msvc@1.82.0", "", { "os": "win32", "cpu": "x64" }, "sha512-VTVoRIWJTb+wvUX8EYoPArfFH02whuR10goFXE/LHRRX33ajRrFgqbcONXZMiF4C5rnattfkm87HqYn8jb8hmQ=="],

    "@parcel/watcher": ["@parcel/watcher@2.6.0", "", { "dependencies": { "detect-libc": "^2.0.3", "is-glob": "^4.0.3", "node-addon-api": "^7.0.0", "picomatch": "^4.0.4" }, "optionalDependencies": { "@parcel/watcher-android-arm64": "2.6.0", "@parcel/watcher-darwin-arm64": "2.6.0", "@parcel/watcher-darwin-x64": "2.6.0", "@parcel/watcher-freebsd-x64": "2.6.0", "@parcel/watcher-linux-arm-glibc": "2.6.0", "@parcel/watcher-linux-arm-musl": "2.6.0", "@parcel/watcher-linux-arm64-glibc": "2.6.0", "@parcel/watcher-linux-arm64-musl": "2.6.0", "@parcel/watcher-linux-x64-glibc": "2.6.0", "@parcel/watcher-linux-x64-musl": "2.6.0", "@parcel/watcher-win32-arm64": "2.6.0", "@parcel/watcher-win32-x64": "2.6.0" } }, "sha512-7FNeNl8NCE7aINx7WXiKQrPYZWC/hvrTsmk6zmxbI7LTXE7hVek/n8AfVgpe2y82zl3w0HvCHN0bVKMBoJcC0w=="],

    "@parcel/watcher-android-arm64": ["@parcel/watcher-android-arm64@2.6.0", "", { "os": "android", "cpu": "arm64" }, "sha512-trgpLSCKRC/huFjXX/Smh+0sWe4+YtKfktIToiMl59ghz7z+qkH6kMvNnUbLyRs9N11t8l4svSCs1+5B3rOAhA=="],

    "@parcel/watcher-darwin-arm64": ["@parcel/watcher-darwin-arm64@2.6.0", "", { "os": "darwin", "cpu": "arm64" }, "sha512-Y3QV0gl7Q1zbfueunkWIERICbEojQFCgpyG7YqOGNFLsckXyI1xu9mAIUpKY9QBYzBtSkN8dBPwd3yiAO9ovMw=="],

    "@parcel/watcher-darwin-x64": ["@parcel/watcher-darwin-x64@2.6.0", "", { "os": "darwin", "cpu": "x64" }, "sha512-Ohv6OpzhUfKYD7Beb8kDvG0jbIxORCYY1JRdZnaBtnjjkJxgD7ZVL0nw2sCYd0yTMKTvz3nnTnOF3cDifK+kvw=="],

    "@parcel/watcher-freebsd-x64": ["@parcel/watcher-freebsd-x64@2.6.0", "", { "os": "freebsd", "cpu": "x64" }, "sha512-5HmXvDgs8VK+74jF9y9/2FE3/OnlcKmc56tjmSrEuZjpSZOGL+fvAu+HKJBdPs9uwoP2hE6TlSUpXZ/C5jUFmQ=="],

    "@parcel/watcher-linux-arm-glibc": ["@parcel/watcher-linux-arm-glibc@2.6.0", "", { "os": "linux", "cpu": "arm" }, "sha512-Ps/hui3A+vMbjdqlqAowK2ZL8+BO8dBjxeWXj6npTBs3jx4wWmbPpaLuqwrQrSqIVMCnpWo238bJ1U37GhQOYg=="],

    "@parcel/watcher-linux-arm-musl": ["@parcel/watcher-linux-arm-musl@2.6.0", "", { "os": "linux", "cpu": "arm" }, "sha512-9c6AUHgHoG+IY88MRIHupztQiQnrbqHYQjkM2btA+Bf/wQnQMuiD0Wfk1EVv3TlNT3x41uU71rn6E4xh/+zvkw=="],

    "@parcel/watcher-linux-arm64-glibc": ["@parcel/watcher-linux-arm64-glibc@2.6.0", "", { "os": "linux", "cpu": "arm64" }, "sha512-yHRqS2owEXe6Hic9z6Mh1ECsCd+ODVOGvZDyciqRd21+v+o+DnXMOrw50DSpIG2sb8GPEaPPmfeCAWKPJdq46g=="],

    "@parcel/watcher-linux-arm64-musl": ["@parcel/watcher-linux-arm64-musl@2.6.0", "", { "os": "linux", "cpu": "arm64" }, "sha512-WhB2e/V7rqdHHWZusBSPuy5Ei8S6lSz6FE5TKKQz5h3a0O+C+mhY7vxU9b/stqvMb8beLnPY82ZrFTLKs+SrKA=="],

    "@parcel/watcher-linux-x64-glibc": ["@parcel/watcher-linux-x64-glibc@2.6.0", "", { "os": "linux", "cpu": "x64" }, "sha512-ulGE6x6Oz6iAwg75T8YQSoguBWasniIbX+QWpaYPcCnDOpdWX3k+4xbEYPZVLxOuoJI+svJJPD3sEj8G7lrQ3A=="],

    "@parcel/watcher-linux-x64-musl": ["@parcel/watcher-linux-x64-musl@2.6.0", "", { "os": "linux", "cpu": "x64" }, "sha512-tkBYKt7YQrjIJWYDnto2YgO8MRkjlMTSNoRHzsXinBqbLdeOM3L32wPZJvIZxqaLMfSlS/4sUjH/6STVP/XDLw=="],

    "@parcel/watcher-win32-arm64": ["@parcel/watcher-win32-arm64@2.6.0", "", { "os": "win32", "cpu": "arm64" }, "sha512-gIZAP23jaHjGWasY/TY6yL7NHFClf0Ga7FN+iINvk+KN94rhm94lYZhFsbYFNcA04/onvGD9kKmiJLJB2HbNwQ=="],

    "@parcel/watcher-win32-x64": ["@parcel/watcher-win32-x64@2.6.0", "", { "os": "win32", "cpu": "x64" }, "sha512-cA+/pXV2YkfxlIcXOQ5fSWqAzzPyD78/x5qbK/I0vUkrlYHA8TIz+MXjAbGouguKVSI4bOmkTSJ1/poVSsgt+A=="],

    "@rolldown/binding-android-arm-eabi": ["@rolldown/binding-android-arm-eabi@1.2.8", "", { "os": "android", "cpu": "arm" }, "sha512-tN5aztYkKCte4i5SIrrz5yK/HMjEuCqCSCJa418jOV8tZ1cBY3YF2otxB1ktPxzsLA1BeTqwapK0bfjxNvHJVw=="],

    "@rolldown/binding-android-arm64": ["@rolldown/binding-android-arm64@1.2.8", "", { "os": "android", "cpu": "arm64" }, "sha512-dIYTWl9XprMUiQFoc55KUyk/oS8SKYH3zFl0LTR7RT0Xj4hgSVyuJcroH8JUu8RcpF8fTB6E0aOwCkZoYPcDSQ=="],

    "@rolldown/binding-darwin-arm64": ["@rolldown/binding-darwin-arm64@1.2.8", "", { "os": "darwin", "cpu": "arm64" }, "sha512-PCSDQGXD2IyTEFrcgPyBM8jJuGmrbCMuoIOXdbEGVemruKACXoLQJrb+A45Z0L5t1RQkdfJprAYPkikbh7dzdA=="],

    "@rolldown/binding-darwin-x64": ["@rolldown/binding-darwin-x64@1.2.8", "", { "os": "darwin", "cpu": "x64" }, "sha512-Uk7lRsGhPFHVX/sAUC6D5H9Ol30dFHd6iquokll2th3LpdJ3F5CzQB+7DHn0Ri2mG+U7k2zXiPHDrwZenXhwSA=="],

    "@rolldown/binding-freebsd-x64": ["@rolldown/binding-freebsd-x64@1.2.8", "", { "os": "freebsd", "cpu": "x64" }, "sha512-DjszaTEVogPqA5bYzsEeqDCQxbcp2fexQwKcRspYji2yzR68fCf+e4fx6kBSRDwX5/brZaHw/hWS9+A/+/w9sQ=="],

    "@rolldown/binding-linux-arm-gnueabihf": ["@rolldown/binding-linux-arm-gnueabihf@1.2.8", "", { "os": "linux", "cpu": "arm" }, "sha512-zmwa7FTmdzB6aaEEuuls18H6Ap5JmJPSoPTuXixeJZV6tG40SyLkApQtz1g8ptZtiEKqj9OM0oNLPh1AgvE31Q=="],

    "@rolldown/binding-linux-arm64-gnu": ["@rolldown/binding-linux-arm64-gnu@1.2.8", "", { "os": "linux", "cpu": "arm64" }, "sha512-KdYQDPHwJVnbFwdTGMgxsI9SqblBlz6STGM+w1We/d5B8OWWidYH0MwkU/uA1wM5fIpO2MkOVxXrNzzuZhw9ew=="],

    "@rolldown/binding-linux-arm64-musl": ["@rolldown/binding-linux-arm64-musl@1.2.8", "", { "os": "linux", "cpu": "arm64" }, "sha512-jFJTifHnNPY+yzOoNZQfSIysrVyXzEQPhPnOUjmD1bcQGHH6s7c8cViKWar8YplQImE5N9JRqMCLrM2CdxOrZA=="],

    "@rolldown/binding-linux-ppc64-gnu": ["@rolldown/binding-linux-ppc64-gnu@1.2.8", "", { "os": "linux", "cpu": "ppc64" }, "sha512-FhiOziBDWPBjbcmRzfLyIJnaP7AVMFXT7YCXPjXxj7wKU3vx24RjrCNN/zjvVa+N2vVoHJwCoUBvsrN/DG3zIA=="],

    "@rolldown/binding-linux-s390x-gnu": ["@rolldown/binding-linux-s390x-gnu@1.2.8", "", { "os": "linux", "cpu": "s390x" }, "sha512-WnHfADMzOV2Y55wlx1hzzQnar/wDt/VdvWSD99r18Mz9ylNieIGOkRx3UV21h7m/eJvjySYJkO26VvGNFkwsIQ=="],

    "@rolldown/binding-linux-x64-gnu": ["@rolldown/binding-linux-x64-gnu@1.2.8", "", { "os": "linux", "cpu": "x64" }, "sha512-H9tRr5ibfXFVLxbPOseVewewFpl28zcEdjRDt2FTUZU7odxP0gEv1ki4/kGmcGOh78oRwZuuQllGLZ9zTJp84g=="],

    "@rolldown/binding-linux-x64-musl": ["@rolldown/binding-linux-x64-musl@1.2.8", "", { "os": "linux", "cpu": "x64" }, "sha512-UefiqfM3D6IVNlZ8tSGs9+Ejjud2T+oxO0IHADU45Y+lyEjD2dVFyZHbkfX0LUb5Zugo/oIv1eCO/KVYhgYJYA=="],

    "@rolldown/binding-openharmony-arm64": ["@rolldown/binding-openharmony-arm64@1.2.8", "", { "os": "none", "cpu": "arm64" }, "sha512-637Ke4kWSy6rp9cxQ9gMOXlxPgIw/c1beASV4M//3+9I4uwBVOOl74G+e3zyU3u19U7RkRl/HuewixZ/Z6+Rjg=="],

    "@rolldown/binding-win32-arm64-msvc": ["@rolldown/binding-win32-arm64-msvc@1.2.8", "", { "os": "win32", "cpu": "arm64" }, "sha512-xWBkPOF1Q9k/Gv1nQXnVdLxKu74jXppuOM4Z3mnypVUJJJwLsMl7hNJGRAUJoG8A5MgOI1ACKM+wBFxSJzKy4A=="],

    "@rolldown/binding-win32-x64-msvc": ["@rolldown/binding-win32-x64-msvc@1.2.8", "", { "os": "win32", "cpu": "x64" }, "sha512-uz2ZvfgXbxqNwijjjbxrnvALwpyODDcgc1T1N8N3rf/DXKQmaFwmB4LX4yyjggpwN2obdQLb2rgirX5ffCWYng=="],

    "@rolldown/pluginutils": ["@rolldown/pluginutils@1.0.1", "", {}, "sha512-2j9bGt5Jh8hj+vPtgzPtl72j0yRxHAyumoo6TNfAjsLB04UtpSvPbPcDcBMxz7n+9CYB0c1GxQFxYRg2jimqGw=="],

    "@tokenizer/inflate": ["@tokenizer/inflate@0.4.1", "", { "dependencies": { "debug": "^4.4.3", "token-types": "^6.1.1" } }, "sha512-2mAv+8pkG6GIZiF1kNg1jAjh27IDxEPKwdGul3snfztFerfPGI1LjDezZp3i7BElXompqEtPmoPx6c2wgtWsOA=="],

    "@tokenizer/token": ["@tokenizer/token@0.3.0", "", {}, "sha512-OvjF+z51L3ov0OyAU0duzsYuvO01PH7x4t6DJx+guahgTnBHkhJdG7soQeTSFLWN3efnHyibZ4Z8l2EuWwJN3A=="],

    "@types/node": ["@types/node@24.13.3", "", { "dependencies": { "undici-types": "~7.18.0" } }, "sha512-Dh8vAsV36ig5wa9OX4pXvMc9D3Veibfw2wix0CUwYODLD8nkj9UsLjASr49nPg+2eKzxhBV+v7L8pXvT4e639Q=="],

    "@types/react": ["@types/react@19.2.18", "", { "dependencies": { "csstype": "^3.2.2" } }, "sha512-AnzbBERsrLKtk2XSfTbYRLjQPdy116Sty4q+T+Bp3IC4l6jNBvreVPAHmpq9qhXQM7CXZPjLVmGMw9sy+hxQ3w=="],

    "@types/react-dom": ["@types/react-dom@19.2.7", "", { "peerDependencies": { "@types/react": "^19.2.0" } }, "sha512-I8bPpDLcHBv1qiIiXDCy71Rt8eQDKJP0sMSWJphDdAcdqiJ1sGpZamavoEIRZmYzjia9LuEb2HlYdDpmoENpvQ=="],

    "@vitejs/plugin-react": ["@vitejs/plugin-react@6.1.1", "", { "dependencies": { "@rolldown/pluginutils": "^1.0.1" }, "peerDependencies": { "@rolldown/plugin-babel": "^0.1.7 || ^0.2.0", "babel-plugin-react-compiler": "^1.0.0", "oxc-transform-react": "^0.145.0", "vite": "^8.0.0" }, "optionalPeers": ["@rolldown/plugin-babel", "babel-plugin-react-compiler", "oxc-transform-react"] }, "sha512-yxLaQV9gkhS8ezJqCM6+ndU7mDY6gqAg75NQ+0IjwEI8IYOmQCgkRwHKVSfWXW076DsqMo0Dk+0FK1U+M5RgFw=="],

    "any-base": ["any-base@1.1.0", "", {}, "sha512-uMgjozySS8adZZYePpaWs8cxB9/kdzmpX6SgJZ+wbz1K5eYk5QMYDVJaZKhxyIHUdnnJkfR7SVgStgH7LkGUyg=="],

    "await-to-js": ["await-to-js@3.0.0", "", {}, "sha512-zJAaP9zxTcvTHRlejau3ZOY4V7SRpiByf3/dxx2uyKxxor19tpmpV2QRsTKikckwhaPmr2dVpxxMr7jOCYVp5g=="],

    "bmp-ts": ["bmp-ts@1.0.9", "", {}, "sha512-cTEHk2jLrPyi+12M3dhpEbnnPOsaZuq7C45ylbbQIiWgDFZq4UVYPEY5mlqjvsj/6gJv9qX5sa+ebDzLXT28Vw=="],

    "chokidar": ["chokidar@5.0.0", "", { "dependencies": { "readdirp": "^5.0.0" } }, "sha512-TQMmc3w+5AxjpL8iIiwebF73dRDF4fBIieAqGn9RGCWaEVwQ6Fb2cGe31Yns0RRIzii5goJ1Y7xbMwo1TxMplw=="],

    "colorjs.io": ["colorjs.io@0.7.1", "", {}, "sha512-LY7OHnJZxHwT5UlzNa9bbhHHDbzB6yE5+3MIPwJEQKRvSCt/T4G7epsj+9j2BExUIIfXFIJGsIXUKdfrK9Q5tA=="],

    "csstype": ["csstype@3.2.3", "", {}, "sha512-z1HGKcYy2xA8AGQfwrn0PAy+PB7X/GSj3UVJW9qKyn43xWa+gl5nXmU4qqLMRzWVLFC8KusUX8T/0kCiOYpAIQ=="],

    "debug": ["debug@4.4.3", "", { "dependencies": { "ms": "^2.1.3" }, "peerDependencies": { "supports-color": "*" }, "optionalPeers": ["supports-color"] }, "sha512-RGwwWnwQvkVfavKVt22FGLw+xYSdzARwm0ru6DhTVA3umU5hZc28V3kO4stgYryrTlLpuvgI9GiijltAjNbcqA=="],

    "detect-libc": ["detect-libc@2.1.2", "", {}, "sha512-Btj2BOOO83o3WyH59e8MgXsxEQVcarkUOpEYrubB0urwnN10yQ364rsiByU11nZlqWYZm05i/of7io4mzihBtQ=="],

    "exif-parser": ["exif-parser@0.1.12", "", {}, "sha512-c2bQfLNbMzLPmzQuOr8fy0csy84WmwnER81W88DzTp9CYNPJ6yzOj2EZAh9pywYpqHnshVLHQJ8WzldAyfY+Iw=="],

    "fdir": ["fdir@6.5.0", "", { "peerDependencies": { "picomatch": "^3 || ^4" }, "optionalPeers": ["picomatch"] }, "sha512-tIbYtZbucOs0BRGqPJkshJUYdL+SDH7dVM8gjy+ERp3WAUjLEFJE+02kanyHtwjWOnwrKYBiwAmM0p4kLJAnXg=="],

    "file-type": ["file-type@21.3.4", "", { "dependencies": { "@tokenizer/inflate": "^0.4.1", "strtok3": "^10.3.4", "token-types": "^6.1.1", "uint8array-extras": "^1.4.0" } }, "sha512-Ievi/yy8DS3ygGvT47PjSfdFoX+2isQueoYP1cntFW1JLYAuS4GD7NUPGg4zv2iZfV52uDyk5w5Z0TdpRS6Q1g=="],

    "fsevents": ["fsevents@2.3.3", "", { "os": "darwin" }, "sha512-5xoDfX+fL7faATnagmWPpbFtwh/R77WmMMqqHGS65C3vvB0YHrgF+B1YmZ3441tMj5n63k0212XNoJwzlhffQw=="],

    "gifwrap": ["gifwrap@0.10.1", "", { "dependencies": { "image-q": "^4.0.0", "omggif": "^1.0.10" } }, "sha512-2760b1vpJHNmLzZ/ubTtNnEx5WApN/PYWJvXvgS+tL1egTTthayFYIQQNi136FLEDcN/IyEY2EcGpIITD6eYUw=="],

    "has-flag": ["has-flag@4.0.0", "", {}, "sha512-EykJT/Q1KjTWctppgIAgfSO0tKVuZUjhgMr17kqTumMl6Afv3EISleU7qZUzoXDFTAHTDC4NOoG/ZxU3EvlMPQ=="],

    "ieee754": ["ieee754@1.2.1", "", {}, "sha512-dcyqhDvX1C46lXZcVqCpK+FtMRQVdIMN6/Df5js2zouUsqG7I6sFxitIC+7KYK29KdXOLHdu9zL4sFnoVQnqaA=="],

    "image-q": ["image-q@4.0.0", "", { "dependencies": { "@types/node": "16.9.1" } }, "sha512-PfJGVgIfKQJuq3s0tTDOKtztksibuUEbJQIYT3by6wctQo+Rdlh7ef4evJ5NCdxY4CfMbvFkocEwbl4BF8RlJw=="],

    "immutable": ["immutable@5.1.9", "", {}, "sha512-m8nVez3rwrgmWxtLMt1ZYXB2Lv7OKYn/disyxAlSDYAlKSlFoPPfIAmAM/M5xqL4m4C/wAPw7S2/CNaUii1Hxg=="],

    "is-extglob": ["is-extglob@2.1.1", "", {}, "sha512-SbKbANkN603Vi4jEZv49LeVJMn4yGwsbzZworEoyEiutsN3nJYdbO36zfhGJ6QEDpOZIFkDtnq5JRxmvl3jsoQ=="],

    "is-glob": ["is-glob@4.0.3", "", { "dependencies": { "is-extglob": "^2.1.1" } }, "sha512-xelSayHH36ZgE7ZWhli7pW34hNbNl8Ojv5KVmkJD4hBdD3th8Tfk9vYasLM+mXWOZhFkgZfxhLSnrwRr4elSSg=="],

    "jimp": ["jimp@1.6.1", "", { "dependencies": { "@jimp/core": "1.6.1", "@jimp/diff": "1.6.1", "@jimp/js-bmp": "1.6.1", "@jimp/js-gif": "1.6.1", "@jimp/js-jpeg": "1.6.1", "@jimp/js-png": "1.6.1", "@jimp/js-tiff": "1.6.1", "@jimp/plugin-blit": "1.6.1", "@jimp/plugin-blur": "1.6.1", "@jimp/plugin-circle": "1.6.1", "@jimp/plugin-color": "1.6.1", "@jimp/plugin-contain": "1.6.1", "@jimp/plugin-cover": "1.6.1", "@jimp/plugin-crop": "1.6.1", "@jimp/plugin-displace": "1.6.1", "@jimp/plugin-dither": "1.6.1", "@jimp/plugin-fisheye": "1.6.1", "@jimp/plugin-flip": "1.6.1", "@jimp/plugin-hash": "1.6.1", "@jimp/plugin-mask": "1.6.1", "@jimp/plugin-print": "1.6.1", "@jimp/plugin-quantize": "1.6.1", "@jimp/plugin-resize": "1.6.1", "@jimp/plugin-rotate": "1.6.1", "@jimp/plugin-threshold": "1.6.1", "@jimp/types": "1.6.1", "@jimp/utils": "1.6.1" } }, "sha512-hNQh6rZtWfSVWSNVmvq87N5BPJsNH7k7I7qyrXf9DOma9xATQk3fsyHazCQe51nCjdkoWdTmh0vD7bjVSLoxxw=="],

    "jpeg-js": ["jpeg-js@0.4.4", "", {}, "sha512-WZzeDOEtTOBK4Mdsar0IqEU5sMr3vSV2RqkAIzUEV2BHnUfKGyswWFPFwK5EeDo93K3FohSHbLAjj0s1Wzd+dg=="],

    "lightningcss": ["lightningcss@1.33.0", "", { "dependencies": { "detect-libc": "^2.0.3" }, "optionalDependencies": { "lightningcss-android-arm64": "1.33.0", "lightningcss-darwin-arm64": "1.33.0", "lightningcss-darwin-x64": "1.33.0", "lightningcss-freebsd-x64": "1.33.0", "lightningcss-linux-arm-gnueabihf": "1.33.0", "lightningcss-linux-arm64-gnu": "1.33.0", "lightningcss-linux-arm64-musl": "1.33.0", "lightningcss-linux-x64-gnu": "1.33.0", "lightningcss-linux-x64-musl": "1.33.0", "lightningcss-win32-arm64-msvc": "1.33.0", "lightningcss-win32-x64-msvc": "1.33.0" } }, "sha512-WkUDrojuJs0xkgGf2udWxa3yGBRxPtxUkB79i6aCZLRgc7PM8fZe9TosfPDcvEpQZbuFASnHYmRLBLUbmLOIIA=="],

    "lightningcss-android-arm64": ["lightningcss-android-arm64@1.33.0", "", { "os": "android", "cpu": "arm64" }, "sha512-gEpRTalKdosp4Bb8qWtc2iOgE5SeIHlpS1up9bFq2wAyYhl1UdTObYiHe98zEM9SQvSoqQZ1IQD0JNpg3Ml5pg=="],

    "lightningcss-darwin-arm64": ["lightningcss-darwin-arm64@1.33.0", "", { "os": "darwin", "cpu": "arm64" }, "sha512-Sciaz8eenNTKn9b3t7+xr0ipTp9YxKQY4npwQ3mrRuL0BAVHBLyZxofhaKBAVtzmtRZ/zTyo0/to4B1uWG/Djg=="],

    "lightningcss-darwin-x64": ["lightningcss-darwin-x64@1.33.0", "", { "os": "darwin", "cpu": "x64" }, "sha512-Z5UPAxzrjlWNNyGy6i65cJzzvgJ5D3T6wMvs+gWpY9d7qRhANrxqAp6LhxIgZhWEw18RfJTGcRxjuLIBr+m8XQ=="],

    "lightningcss-freebsd-x64": ["lightningcss-freebsd-x64@1.33.0", "", { "os": "freebsd", "cpu": "x64" }, "sha512-QQM/Ti/hQajJwCY+RiWuCZ9sdtI/XQk7nDK5vC8kkdwixezOlDgvDx7+RT+QjK6FcFT4MpsuoBnHIo/O3StRRg=="],

    "lightningcss-linux-arm-gnueabihf": ["lightningcss-linux-arm-gnueabihf@1.33.0", "", { "os": "linux", "cpu": "arm" }, "sha512-N7FVBe6iS24MlM6R/4RBTxGhQheZGs7tiQ9U32UtF75NzP5Q7xWPRqLBCKxlRQRk3rY1jCIPLzx7WzOhuUIRLQ=="],

    "lightningcss-linux-arm64-gnu": ["lightningcss-linux-arm64-gnu@1.33.0", "", { "os": "linux", "cpu": "arm64" }, "sha512-j2v/itmy4HlNxlc6voKXYgBqNi0Ng2LShg4z7GufpEgs05P+2suBVyi9I6YHq5uoVFx9ETin3eCEhLVyXGQnKg=="],

    "lightningcss-linux-arm64-musl": ["lightningcss-linux-arm64-musl@1.33.0", "", { "os": "linux", "cpu": "arm64" }, "sha512-yiO5ROMuYQgXbC60yjZU5CYSFZGKXL0HFATXt9mHJn1+zW55oCtMI9NfcVhYLMFDL7gV7oBPon/EmMMGg2OvtQ=="],

    "lightningcss-linux-x64-gnu": ["lightningcss-linux-x64-gnu@1.33.0", "", { "os": "linux", "cpu": "x64" }, "sha512-ar+Ju7LmcN0Jo4FpL4hpFybwNG9/3A/Br5KW2n2jyODg3MEZXaDYADdemoNS+BDNfMgKvylJLj4S5tyRActuAg=="],

    "lightningcss-linux-x64-musl": ["lightningcss-linux-x64-musl@1.33.0", "", { "os": "linux", "cpu": "x64" }, "sha512-RYiYbkokw0trfKqqzfF55lginwEPrD3OJDfTuJzFs1MK6iFnDenaz1fqLLtX4ITG3OktJQXOeTaw1awrBAlZPw=="],

    "lightningcss-win32-arm64-msvc": ["lightningcss-win32-arm64-msvc@1.33.0", "", { "os": "win32", "cpu": "arm64" }, "sha512-1K+MPfLSFVpphzpdbfkhlWk6wBrTObBzS2T6db10PNOZgR9GoVsAWzwNyuhUYYbTp23j+4RrncfujZ4uAzXvwA=="],

    "lightningcss-win32-x64-msvc": ["lightningcss-win32-x64-msvc@1.33.0", "", { "os": "win32", "cpu": "x64" }, "sha512-OlEICDx/Xl0FqSp4bry8zFnCvGpig3Gl4gCquvYwHuqJKEC1+n9NgDniFvqHGmMv1ZkqDJrDqKKSykTDX+ehuA=="],

    "mime": ["mime@3.0.0", "", { "bin": { "mime": "cli.js" } }, "sha512-jSCU7/VB1loIWBZe14aEYHU/+1UMEHoaO7qxCOVJOw9GgH72VAWppxNcjU+x9a2k3GSIBXNKxXQFqRvvZ7vr3A=="],

    "ms": ["ms@2.1.3", "", {}, "sha512-6FlzubTLZG3J2a/NVCAleEhjzq5oxgHyaCU9yYXvcLsvoVaHJq/s5xXI6/XXP6tz7R9xAOtHnSO/tXtF3WRTlA=="],

    "nanoid": ["nanoid@3.3.18", "", { "bin": { "nanoid": "bin/nanoid.cjs" } }, "sha512-DTg4MJbGMWkfi6VZFdNt2/caMbQy4Ou+Op/hJQvGEWcnVfoA1QA+xzRKAzw9jD6+GVOOeYr/mIcuDSdug6F6+w=="],

    "node-addon-api": ["node-addon-api@7.1.1", "", {}, "sha512-5m3bsyrjFWE1xf7nz7YXdN4udnVtXK6/Yfgn5qnahL6bCkf2yKt4k3nuTKAtT4r3IG8JNR2ncsIMdZuAzJjHQQ=="],

    "omggif": ["omggif@1.0.10", "", {}, "sha512-LMJTtvgc/nugXj0Vcrrs68Mn2D1r0zf630VNtqtpI1FEO7e+O9FP4gqs9AcnBaSEeoHIPm28u6qgPR0oyEpGSw=="],

    "oxlint": ["oxlint@1.82.0", "", { "optionalDependencies": { "@oxlint/binding-android-arm-eabi": "1.82.0", "@oxlint/binding-android-arm64": "1.82.0", "@oxlint/binding-darwin-arm64": "1.82.0", "@oxlint/binding-darwin-x64": "1.82.0", "@oxlint/binding-freebsd-x64": "1.82.0", "@oxlint/binding-linux-arm-gnueabihf": "1.82.0", "@oxlint/binding-linux-arm-musleabihf": "1.82.0", "@oxlint/binding-linux-arm64-gnu": "1.82.0", "@oxlint/binding-linux-arm64-musl": "1.82.0", "@oxlint/binding-linux-ppc64-gnu": "1.82.0", "@oxlint/binding-linux-riscv64-gnu": "1.82.0", "@oxlint/binding-linux-riscv64-musl": "1.82.0", "@oxlint/binding-linux-s390x-gnu": "1.82.0", "@oxlint/binding-linux-x64-gnu": "1.82.0", "@oxlint/binding-linux-x64-musl": "1.82.0", "@oxlint/binding-openharmony-arm64": "1.82.0", "@oxlint/binding-win32-arm64-msvc": "1.82.0", "@oxlint/binding-win32-ia32-msvc": "1.82.0", "@oxlint/binding-win32-x64-msvc": "1.82.0" }, "peerDependencies": { "oxlint-tsgolint": ">=7.0.2001", "vite-plus": "*" }, "optionalPeers": ["oxlint-tsgolint", "vite-plus"], "bin": { "oxlint": "bin/oxlint" } }, "sha512-+iFM1BGw1ntYJt3QngbJmjbrGxPaKMUADOXOijpWGnYcBPq8YZnQftSS1C+pVcDYy9YxqDVJKQqQkTazTQMboQ=="],

    "pako": ["pako@1.0.11", "", {}, "sha512-4hLB8Py4zZce5s4yd9XzopqwVv/yGNhV1Bl8NTmCq1763HeK2+EwVTv+leGeL13Dnh2wfbqowVPXCIO0z4taYw=="],

    "parse-bmfont-ascii": ["parse-bmfont-ascii@1.0.6", "", {}, "sha512-U4RrVsUFCleIOBsIGYOMKjn9PavsGOXxbvYGtMOEfnId0SVNsgehXh1DxUdVPLoxd5mvcEtvmKs2Mmf0Mpa1ZA=="],

    "parse-bmfont-binary": ["parse-bmfont-binary@1.0.6", "", {}, "sha512-GxmsRea0wdGdYthjuUeWTMWPqm2+FAd4GI8vCvhgJsFnoGhTrLhXDDupwTo7rXVAgaLIGoVHDZS9p/5XbSqeWA=="],

    "parse-bmfont-xml": ["parse-bmfont-xml@1.1.6", "", { "dependencies": { "xml-parse-from-string": "^1.0.0", "xml2js": "^0.5.0" } }, "sha512-0cEliVMZEhrFDwMh4SxIyVJpqYoOWDJ9P895tFuS+XuNzI5UBmBk5U5O4KuJdTnZpSBI4LFA2+ZiJaiwfSwlMA=="],

    "picocolors": ["picocolors@1.1.1", "", {}, "sha512-xceH2snhtb5M9liqDsmEw56le376mTZkEX/jEb/RxNFyegNul7eNslCXP9FDj/Lcu0X8KEyMceP2ntpaHrDEVA=="],

    "picomatch": ["picomatch@4.0.7", "", {}, "sha512-qcJu88Q2IWqJsDD529JKMdwGm/dvInW4HvQnRwiH9JtihJvzGOscDtHE3x1pBKeUOTysQ8kVmLnJ2kJu7yhcGA=="],

    "pixelmatch": ["pixelmatch@5.3.0", "", { "dependencies": { "pngjs": "^6.0.0" }, "bin": { "pixelmatch": "bin/pixelmatch" } }, "sha512-o8mkY4E/+LNUf6LzX96ht6k6CEDi65k9G2rjMtBe9Oo+VPKSvl+0GKHuH/AlG+GA5LPG/i5hrekkxUc3s2HU+Q=="],

    "pngjs": ["pngjs@7.0.0", "", {}, "sha512-LKWqWJRhstyYo9pGvgor/ivk2w94eSjE3RGVuzLGlr3NmD8bf7RcYGze1mNdEHRP6TRP6rMuDHk5t44hnTRyow=="],

    "postcss": ["postcss@8.5.28", "", { "dependencies": { "nanoid": "^3.3.18", "picocolors": "^1.1.1", "source-map-js": "^1.2.1" } }, "sha512-RRuzqDtt5Y9h3quz5hWhK+TPnsmVs6WwSU6LkJMeY4HstUEDuYTG8UJSdawMRzmzAtV+KEoG8N3Qg2qLy5vM/A=="],

    "react": ["react@19.2.8", "", {}, "sha512-PWaYA1L/q9u2u7xYQi+Y3L3Yfnie7XyLeaJICV1MGD6LprsBxcAqGjYyr0eY3p+QdsA+x/Irkt4Qif8D63+Sbw=="],

    "react-dom": ["react-dom@19.2.8", "", { "dependencies": { "scheduler": "^0.27.0" }, "peerDependencies": { "react": "^19.2.8" } }, "sha512-rVprimfGBG3DR+Tq0IQG2DT5PxKth1WIGDmj5yPmlzr4YBe7uyE+Du4oVqTDXZSHGGGXRtTJEGSSePyQCMBglQ=="],

    "readdirp": ["readdirp@5.1.1", "", {}, "sha512-Kko+Y5XQ6fM+Ce3dq3m9YGxnacYZYl9cA1wZjaF3Vbry2L3i1qVg8+CAgNPsXRArPMUMCaOR7oa9Nqntc43JKA=="],

    "rolldown": ["rolldown@1.2.8", "", { "dependencies": { "@oxc-project/types": "=0.149.0", "@rolldown/pluginutils": "^1.0.0" }, "optionalDependencies": { "@rolldown/binding-android-arm-eabi": "1.2.8", "@rolldown/binding-android-arm64": "1.2.8", "@rolldown/binding-darwin-arm64": "1.2.8", "@rolldown/binding-darwin-x64": "1.2.8", "@rolldown/binding-freebsd-x64": "1.2.8", "@rolldown/binding-linux-arm-gnueabihf": "1.2.8", "@rolldown/binding-linux-arm64-gnu": "1.2.8", "@rolldown/binding-linux-arm64-musl": "1.2.8", "@rolldown/binding-linux-ppc64-gnu": "1.2.8", "@rolldown/binding-linux-s390x-gnu": "1.2.8", "@rolldown/binding-linux-x64-gnu": "1.2.8", "@rolldown/binding-linux-x64-musl": "1.2.8", "@rolldown/binding-openharmony-arm64": "1.2.8", "@rolldown/binding-win32-arm64-msvc": "1.2.8", "@rolldown/binding-win32-x64-msvc": "1.2.8" }, "bin": { "rolldown": "./bin/cli.mjs" } }, "sha512-Z67nTmhZe7anqnM/EjI392w5i/ANUinjip7QYsOyN37oayduxt3ksdX0hf5OOamkAd53BiIHfbfSzfUmzKFQqQ=="],

    "rxjs": ["rxjs@7.8.2", "", { "dependencies": { "tslib": "^2.1.0" } }, "sha512-dhKf903U/PQZY6boNNtAGdWbG85WAbjT/1xYoZIC7FAY0yWapOBQVsVrDl58W86//e1VpMNBtRV4MaXfdMySFA=="],

    "sass": ["sass@1.104.0", "", { "dependencies": { "chokidar": "^5.0.0", "immutable": "^5.1.5", "source-map-js": ">=0.6.2 <2.0.0" }, "optionalDependencies": { "@parcel/watcher": "^2.4.1" }, "bin": { "sass": "sass.js" } }, "sha512-btHMApW2bgolvClhRW8AlQJzgI9lUB3pPSofBQQT+E46GWvf9o0TVQ13SYv5riWZVFyPN+JNz3TKW9XhBlc10w=="],

    "sass-embedded": ["sass-embedded@1.104.0", "", { "dependencies": { "@bufbuild/protobuf": "^2.5.0", "colorjs.io": "^0.7.0", "immutable": "^5.1.5", "rxjs": "^7.4.0", "supports-color": "^8.1.1", "sync-child-process": "^1.0.2", "varint": "^6.0.0" }, "optionalDependencies": { "sass-embedded-all-unknown": "1.104.0", "sass-embedded-android-arm": "1.104.0", "sass-embedded-android-arm64": "1.104.0", "sass-embedded-android-riscv64": "1.104.0", "sass-embedded-android-x64": "1.104.0", "sass-embedded-darwin-arm64": "1.104.0", "sass-embedded-darwin-x64": "1.104.0", "sass-embedded-linux-arm": "1.104.0", "sass-embedded-linux-arm64": "1.104.0", "sass-embedded-linux-musl-arm": "1.104.0", "sass-embedded-linux-musl-arm64": "1.104.0", "sass-embedded-linux-musl-riscv64": "1.104.0", "sass-embedded-linux-musl-x64": "1.104.0", "sass-embedded-linux-riscv64": "1.104.0", "sass-embedded-linux-x64": "1.104.0", "sass-embedded-unknown-all": "1.104.0", "sass-embedded-win32-arm64": "1.104.0", "sass-embedded-win32-x64": "1.104.0" }, "bin": { "sass": "dist/bin/sass.js" } }, "sha512-AW1ZaKM/o4t137+FNe9zkMFWAZlw+EbWuHopVbP0yc0vpvlYj8NqxgKKSsSqODZVgGON2FzKeFMJJHR+tXNzqA=="],

    "sass-embedded-all-unknown": ["sass-embedded-all-unknown@1.104.0", "", { "dependencies": { "sass": "1.104.0" }, "cpu": [ "!arm", "!x64", "!arm64", ] }, "sha512-+S5We++QAg0/wXeVstn4kaZQNZiHi/1FHFsuVRu6Qns/9+YH6aIExg5e8dE+ceNpnYIZUpoK3mdBJoxJhirReQ=="],

    "sass-embedded-android-arm": ["sass-embedded-android-arm@1.104.0", "", { "os": "android", "cpu": "arm" }, "sha512-yojf6KAo4EKbXVzzy4FkYJAez+qzj6NV2inEzsQQxvNfKxfX9INtC6u8UNwSjXL40M9vzAH03lygutq9zmhTCg=="],

    "sass-embedded-android-arm64": ["sass-embedded-android-arm64@1.104.0", "", { "os": "android", "cpu": "arm64" }, "sha512-Trknl/A+KTTGRsPWrKaVIF/uq468iTqZzXWMEK/e707bqnbodYvWBBkA7uOM1wtnJQIrepeYSp/CIQJnFr95EQ=="],

    "sass-embedded-android-riscv64": ["sass-embedded-android-riscv64@1.104.0", "", { "os": "android", "cpu": "none" }, "sha512-UPR1U/qsTzIikl/DAmZn/11oPrz4DrnrbWANB7WGwz3AtYvLZeixEiVj8Yo2jNy6749zPD09Pyo352io8Y2Mxw=="],

    "sass-embedded-android-x64": ["sass-embedded-android-x64@1.104.0", "", { "os": "android", "cpu": "x64" }, "sha512-NebAKvwfj4a7EbOf9LAzgo4f/uO1xFJbIoebzW8bmqdjeIMSAwJvFToIizxjDuOsIJ9M6AaADxwvDxgm8JTq+w=="],

    "sass-embedded-darwin-arm64": ["sass-embedded-darwin-arm64@1.104.0", "", { "os": "darwin", "cpu": "arm64" }, "sha512-DYxsoOtA90/LabvQiFs/UVo6jrPbIlIvelSC0B9fxlB051ZBpEFnWamjLV2Xncp48E63voWTYGKpLlsHsi7clg=="],

    "sass-embedded-darwin-x64": ["sass-embedded-darwin-x64@1.104.0", "", { "os": "darwin", "cpu": "x64" }, "sha512-zozGKOnR3mnlBqKhzfGH8ZqjPphaDzE5Zjx+H/IOb/ruR/KApTvYkRdi9Eq7OQvSJwL/EHYiyT2jgHaqQulOWw=="],

    "sass-embedded-linux-arm": ["sass-embedded-linux-arm@1.104.0", "", { "os": "linux", "cpu": "arm" }, "sha512-RX4t5jBlYtGrZwpuc1mtD3lzGuat+jyPidyN5hD5DURV7q39y4IampzopVJ9fvNZqsiGElYWnKyRJA49Q4xk7w=="],

    "sass-embedded-linux-arm64": ["sass-embedded-linux-arm64@1.104.0", "", { "os": "linux", "cpu": "arm64" }, "sha512-2TWOQodxIbwcp9fS01FCUbO2c8bnsdOgUCLB7aZDAhm6ZAkEL8GNIAyKxSMkVIjxndMqNHsG2UtCR2++03DQ+Q=="],

    "sass-embedded-linux-musl-arm": ["sass-embedded-linux-musl-arm@1.104.0", "", { "os": "linux", "cpu": "arm" }, "sha512-KjXKRY/1TDCNbRg/Htq4puzf5etQ9eFXG83O/328Km/1x2FuQMCmD+pSFTqQrj2LskZ8if+NYZJb3CQ1wzF0Pw=="],

    "sass-embedded-linux-musl-arm64": ["sass-embedded-linux-musl-arm64@1.104.0", "", { "os": "linux", "cpu": "arm64" }, "sha512-NPcl0Cw9QXdGzYgjtLZD9MU3Mmr+N31R+Wa+hbbmlNwg1yghbF/bWrpE96oixrQivtCsY1yh9cONl6d+9NrS6Q=="],

    "sass-embedded-linux-musl-riscv64": ["sass-embedded-linux-musl-riscv64@1.104.0", "", { "os": "linux", "cpu": "none" }, "sha512-/1JR6G1AfGs/paJk5nemuJmg7pOUgwXlz/WW2NhSDRHBgZnb6Zy6yMpkSHoienAOJSBGUmKceT03dQ/4b409CA=="],

    "sass-embedded-linux-musl-x64": ["sass-embedded-linux-musl-x64@1.104.0", "", { "os": "linux", "cpu": "x64" }, "sha512-5wVjkPR74JdsoH9+NSKV7UCPAdMTxNoayZdu7B9PnmNkOJMRE5O8Jb2oJ3JXgSH/kcGXJ6Vl6dL8/EPLBAKkcg=="],

    "sass-embedded-linux-riscv64": ["sass-embedded-linux-riscv64@1.104.0", "", { "os": "linux", "cpu": "none" }, "sha512-Bq9xrONn23cyv5bdSuLm0RG1dcKl+lFQRc1k1UlncI2B2gqb6/OdakEa4Gv2HAmo+O6iOtK39lG9XT1ivTIoww=="],

    "sass-embedded-linux-x64": ["sass-embedded-linux-x64@1.104.0", "", { "os": "linux", "cpu": "x64" }, "sha512-xznKQzFnNVNq+GiXPmBXIHLL2rlIoekDxE8HXNKgxXX6bn4fByuHApCmj5Uz+MpVOB154EYCbErztyoEcmnb9Q=="],

    "sass-embedded-unknown-all": ["sass-embedded-unknown-all@1.104.0", "", { "dependencies": { "sass": "1.104.0" }, "os": [ "!linux", "!win32", "!darwin", "!android", ] }, "sha512-0+zhxrAt9PIsdWEVTe5Wgo+gtYdlyv0ASuuAEXT4e9w2yNArUqZ9Gez4Jn8EmtbF7x9uuZxPWbdnq9z65gCH7g=="],

    "sass-embedded-win32-arm64": ["sass-embedded-win32-arm64@1.104.0", "", { "os": "win32", "cpu": "arm64" }, "sha512-b8dKmgdgmTx0rSBLNPqLQiq4r/SDau0/3we7MG/8ULMneMSl2OoVttN2ilKSz993lqQu8FJSjx5fEjLSeXVaiA=="],

    "sass-embedded-win32-x64": ["sass-embedded-win32-x64@1.104.0", "", { "os": "win32", "cpu": "x64" }, "sha512-tVL4NZKUo0+fIO2sT9V1DnBOo9wUbkRoic/NbVBThQdCjl07dn7PKW+ISSnY0EwQhCxdulMDek/JZT7c46vTCA=="],

    "sax": ["sax@1.6.1", "", {}, "sha512-42tBVwLWnaQvW5zc4HbZrTuWccECCZfBi92FDuwtqxasH+JbPB3/FOKb1m222K42R4WxuxzzMsTswfzgtSu64Q=="],

    "scheduler": ["scheduler@0.27.0", "", {}, "sha512-eNv+WrVbKu1f3vbYJT/xtiF5syA5HPIMtf9IgY/nKg0sWqzAUEvqY/xm7OcZc/qafLx/iO9FgOmeSAp4v5ti/Q=="],

    "simple-xml-to-json": ["simple-xml-to-json@1.2.7", "", {}, "sha512-mz9VXphOxQWX3eQ/uXCtm6upltoN0DLx8Zb5T4TFC4FHB7S9FDPGre8CfLWqPWQQH/GrQYd2AXhhVM5LDpYx6Q=="],

    "source-map-js": ["source-map-js@1.2.1", "", {}, "sha512-UXWMKhLOwVKb728IUtQPXxfYU+usdybtUrK/8uGE8CQMvrhOpwvzDBwj0QhSL7MQc7vIsISBG8VQ8+IDQxpfQA=="],

    "strtok3": ["strtok3@10.3.5", "", { "dependencies": { "@tokenizer/token": "^0.3.0" } }, "sha512-ki4hZQfh5rX0QDLLkOCj+h+CVNkqmp/CMf8v8kZpkNVK6jGQooMytqzLZYUVYIZcFZ6yDB70EfD8POcFXiF5oA=="],

    "supports-color": ["supports-color@8.1.1", "", { "dependencies": { "has-flag": "^4.0.0" } }, "sha512-MpUEN2OodtUzxvKQl72cUF7RQ5EiHsGvSsVG0ia9c5RbWGL2CI4C7EpPS8UTBIplnlzZiNuV56w+FuNxy3ty2Q=="],

    "sync-child-process": ["sync-child-process@1.0.2", "", { "dependencies": { "sync-message-port": "^1.0.0" } }, "sha512-8lD+t2KrrScJ/7KXCSyfhT3/hRq78rC0wBFqNJXv3mZyn6hW2ypM05JmlSvtqRbeq6jqA94oHbxAr2vYsJ8vDA=="],

    "sync-message-port": ["sync-message-port@1.2.0", "", {}, "sha512-gAQ9qrUN/UCypHtGFbbe7Rc/f9bzO88IwrG8TDo/aMKAApKyD6E3W4Cm0EfhfBb6Z6SKt59tTCTfD+n1xmAvMg=="],

    "tinycolor2": ["tinycolor2@1.6.0", "", {}, "sha512-XPaBkWQJdsf3pLKJV9p4qN/S+fm2Oj8AIPo1BTUhg5oxkvm9+SVEGFdhyOz7tTdUTfvxMiAs4sp6/eZO2Ew+pw=="],

    "tinyglobby": ["tinyglobby@0.2.17", "", { "dependencies": { "fdir": "^6.5.0", "picomatch": "^4.0.4" } }, "sha512-wXR/dYpcqKmfWpEdZjiKJOwCNFndD0DMnrW/cYjVGttEkBfVgcLFHoNrlj47mjOVic9yyNu65alsgF4NQyTa2g=="],

    "token-types": ["token-types@6.1.2", "", { "dependencies": { "@borewit/text-codec": "^0.2.1", "@tokenizer/token": "^0.3.0", "ieee754": "^1.2.1" } }, "sha512-dRXchy+C0IgK8WPC6xvCHFRIWYUbqqdEIKPaKo/AcTUNzwLTK6AH7RjdLWsEZcAN/TBdtfUw3PYEgPr5VPr6ww=="],

    "tslib": ["tslib@2.8.1", "", {}, "sha512-oJFu94HQb+KVduSUQL7wnpmqnfmLsOA/nAh6b6EH0wCEoK0/mPeXU6c3wKDV83MkOuHPRHtSXKKU99IBazS/2w=="],

    "typescript": ["typescript@6.0.3", "", { "bin": { "tsc": "bin/tsc", "tsserver": "bin/tsserver" } }, "sha512-y2TvuxSZPDyQakkFRPZHKFm+KKVqIisdg9/CZwm9ftvKXLP8NRWj38/ODjNbr43SsoXqNuAisEf1GdCxqWcdBw=="],

    "uint8array-extras": ["uint8array-extras@1.5.0", "", {}, "sha512-rvKSBiC5zqCCiDZ9kAOszZcDvdAHwwIKJG33Ykj43OKcWsnmcBRL09YTU4nOeHZ8Y2a7l1MgTd08SBe9A8Qj6A=="],

    "undici-types": ["undici-types@7.18.2", "", {}, "sha512-AsuCzffGHJybSaRrmr5eHr81mwJU3kjw6M+uprWvCXiNeN9SOGwQ3Jn8jb8m3Z6izVgknn1R0FTCEAP2QrLY/w=="],

    "utif2": ["utif2@4.1.0", "", { "dependencies": { "pako": "^1.0.11" } }, "sha512-+oknB9FHrJ7oW7A2WZYajOcv4FcDR4CfoGB0dPNfxbi4GO05RRnFmt5oa23+9w32EanrYcSJWspUiJkLMs+37w=="],

    "varint": ["varint@6.0.0", "", {}, "sha512-cXEIW6cfr15lFv563k4GuVuW/fiwjknytD37jIOLSdSWuOI6WnO/oKwmP2FQTU2l01LP8/M5TSAJpzUaGe3uWg=="],

    "vite": ["vite@8.2.2", "", { "dependencies": { "lightningcss": "^1.33.0", "picomatch": "^4.0.5", "postcss": "^8.5.26", "rolldown": "~1.2.4", "tinyglobby": "^0.2.17" }, "optionalDependencies": { "fsevents": "~2.3.3" }, "peerDependencies": { "@types/node": "^20.19.0 || >=22.12.0", "@vitejs/devtools": "^0.4.0 || ^0.5.0", "esbuild": "^0.27.0 || ^0.28.0", "jiti": ">=1.21.0", "less": "^4.0.0", "sass": "^1.70.0", "sass-embedded": "^1.70.0", "stylus": ">=0.54.8", "sugarss": "^5.0.0", "terser": "^5.16.0", "tsx": "^4.8.1", "yaml": "^2.4.2" }, "optionalPeers": ["@types/node", "@vitejs/devtools", "esbuild", "jiti", "less", "sass", "sass-embedded", "stylus", "sugarss", "terser", "tsx", "yaml"], "bin": { "vite": "bin/vite.js" } }, "sha512-cFKLV/PRgAUlIRm5WjMjJ86jrftzpqcgH+Us+DS8mI3CDNiH30Whrz8uHL3+MOLPAgqbMBAqWdAHAphOAM+z/Q=="],

    "xml-parse-from-string": ["xml-parse-from-string@1.0.1", "", {}, "sha512-ErcKwJTF54uRzzNMXq2X5sMIy88zJvfN2DmdoQvy7PAFJ+tPRU6ydWuOKNMyfmOjdyBQTFREi60s0Y0SyI0G0g=="],

    "xml2js": ["xml2js@0.5.0", "", { "dependencies": { "sax": ">=0.6.0", "xmlbuilder": "~11.0.0" } }, "sha512-drPFnkQJik/O+uPKpqSgr22mpuFHqKdbS835iAQrUC73L2F5WkboIRd63ai/2Yg6I1jzifPFKH2NTK+cfglkIA=="],

    "xmlbuilder": ["xmlbuilder@11.0.1", "", {}, "sha512-fDlsI/kFEx7gLvbecc0/ohLG50fugQp8ryHzMTuW9vSa1GJ0XYWKnhsUx7oie3G98+r56aTQIUB4kht42R3JvA=="],

    "zod": ["zod@3.25.76", "", {}, "sha512-gzUt/qt81nXsFGKIFcC3YnfEAx5NkunCfnDlvuBSSFS02bcXu4Lmea0AFIUwbLWxWPx3d9p8S5QoaujKcNQxcQ=="],

    "image-q/@types/node": ["@types/node@16.9.1", "", {}, "sha512-QpLcX9ZSsq3YYUUnD3nFDY8H7wctAhQj/TFKL8Ya8v5fMm3CFXxo8zStsLAl780ltoYoo1WvKUVGBQK+1ifr7g=="],

    "pixelmatch/pngjs": ["pngjs@6.0.0", "", {}, "sha512-TRzzuFRRmEoSW/p1KVAmiOgPco2Irlah+bGFCeNfJXxxYGwSw7YwAOAcd7X28K/m5bjBWKsC29KyoMfHbypayg=="],
  }
}
